// !$*UTF8*$!
{
	archiveVersion = 1;
	classes = {
	};
	objectVersion = 56;
	objects = {

/* Begin PBXBuildFile section */
		4300E6AD2AF72ECE00922E62 /* ShareMenu.swift in Sources */ = {isa = PBXBuildFile; fileRef = 4300E6AC2AF72ECE00922E62 /* ShareMenu.swift */; };
		430ACB312AE6EDDC007017AC /* Defaults in Frameworks */ = {isa = PBXBuildFile; productRef = 430ACB302AE6EDDC007017AC /* Defaults */; };
		430C346C2B44DD09002A25BF /* AlertToast in Frameworks */ = {isa = PBXBuildFile; productRef = 430C346B2B44DD09002A25BF /* AlertToast */; };
		4336A0992B34FD66001B27BE /* FAQPanel.swift in Sources */ = {isa = PBXBuildFile; fileRef = 4336A0982B34FD66001B27BE /* FAQPanel.swift */; };
		4341B0DA2AE6523D00C5CC11 /* StudyCrunchApp.swift in Sources */ = {isa = PBXBuildFile; fileRef = 4341B0D92AE6523D00C5CC11 /* StudyCrunchApp.swift */; };
		4341B0DC2AE6523D00C5CC11 /* ContentView.swift in Sources */ = {isa = PBXBuildFile; fileRef = 4341B0DB2AE6523D00C5CC11 /* ContentView.swift */; };
		4341B0DE2AE6523D00C5CC11 /* Assets.xcassets in Resources */ = {isa = PBXBuildFile; fileRef = 4341B0DD2AE6523D00C5CC11 /* Assets.xcassets */; };
		4341B0E12AE6523D00C5CC11 /* Preview Assets.xcassets in Resources */ = {isa = PBXBuildFile; fileRef = 4341B0E02AE6523D00C5CC11 /* Preview Assets.xcassets */; };
		4341B0EB2AE6523D00C5CC11 /* StudyCrunchTests.swift in Sources */ = {isa = PBXBuildFile; fileRef = 4341B0EA2AE6523D00C5CC11 /* StudyCrunchTests.swift */; };
		4341B0F52AE6523D00C5CC11 /* StudyCrunchUITests.swift in Sources */ = {isa = PBXBuildFile; fileRef = 4341B0F42AE6523D00C5CC11 /* StudyCrunchUITests.swift */; };
		4341B0F72AE6523D00C5CC11 /* StudyCrunchUITestsLaunchTests.swift in Sources */ = {isa = PBXBuildFile; fileRef = 4341B0F62AE6523D00C5CC11 /* StudyCrunchUITestsLaunchTests.swift */; };
		434B24252BDA304500197905 /* apw_f1.json in Resources */ = {isa = PBXBuildFile; fileRef = 434B24242BDA304500197905 /* apw_f1.json */; };
		587F41152AE9E52000739263 /* MenuOption.swift in Sources */ = {isa = PBXBuildFile; fileRef = 587F41142AE9E52000739263 /* MenuOption.swift */; };
		5882C2792AEB5E570085D577 /* constants.swift in Sources */ = {isa = PBXBuildFile; fileRef = 5882C2782AEB5E570085D577 /* constants.swift */; };
		5882C27B2AEB5F7E0085D577 /* global.swift in Sources */ = {isa = PBXBuildFile; fileRef = 5882C27A2AEB5F7E0085D577 /* global.swift */; };
		5882C27F2AEB6D420085D577 /* SettingsPage.swift in Sources */ = {isa = PBXBuildFile; fileRef = 5882C27E2AEB6D420085D577 /* SettingsPage.swift */; };
		5882C2842AEB92760085D577 /* ChapterMenu.swift in Sources */ = {isa = PBXBuildFile; fileRef = 5882C2832AEB92760085D577 /* ChapterMenu.swift */; };
		5882C28A2AF1C2790085D577 /* Section.swift in Sources */ = {isa = PBXBuildFile; fileRef = 5882C2892AF1C2790085D577 /* Section.swift */; };
		5882C28C2AF1CB6C0085D577 /* utils.swift in Sources */ = {isa = PBXBuildFile; fileRef = 5882C28B2AF1CB6C0085D577 /* utils.swift */; };
		5882C2952AF24CE70085D577 /* MarkdownUI in Frameworks */ = {isa = PBXBuildFile; productRef = 5882C2942AF24CE70085D577 /* MarkdownUI */; };
		58A3735E2AE887BA003F20E6 /* CourseMenu.swift in Sources */ = {isa = PBXBuildFile; fileRef = 58A3735D2AE887BA003F20E6 /* CourseMenu.swift */; };
		58A373602AE88F85003F20E6 /* Course.swift in Sources */ = {isa = PBXBuildFile; fileRef = 58A3735F2AE88F85003F20E6 /* Course.swift */; };
		58A373622AE891E5003F20E6 /* Chapter.swift in Sources */ = {isa = PBXBuildFile; fileRef = 58A373612AE891E5003F20E6 /* Chapter.swift */; };
		58A373642AE89207003F20E6 /* SectionMenu.swift in Sources */ = {isa = PBXBuildFile; fileRef = 58A373632AE89207003F20E6 /* SectionMenu.swift */; };
		58A373662AE893A0003F20E6 /* ChapterPage.swift in Sources */ = {isa = PBXBuildFile; fileRef = 58A373652AE893A0003F20E6 /* ChapterPage.swift */; };
		BF02B36A2B3BAB7D007DFA45 /* CSCourse.swift in Sources */ = {isa = PBXBuildFile; fileRef = BF02B3692B3BAB7D007DFA45 /* CSCourse.swift */; };
		BF02B36C2B3BAB9F007DFA45 /* EnglishCourse.swift in Sources */ = {isa = PBXBuildFile; fileRef = BF02B36B2B3BAB9F007DFA45 /* EnglishCourse.swift */; };
		BF0E79992B387DEF009B3174 /* StoreKitManager.swift in Sources */ = {isa = PBXBuildFile; fileRef = BF0E79982B387DEF009B3174 /* StoreKitManager.swift */; };
		BF0E799B2B387FB6009B3174 /* PropertyList.plist in Resources */ = {isa = PBXBuildFile; fileRef = BF0E799A2B387FB6009B3174 /* PropertyList.plist */; };
		BF0E799D2B388EED009B3174 /* PurchasableItemView.swift in Sources */ = {isa = PBXBuildFile; fileRef = BF0E799C2B388EED009B3174 /* PurchasableItemView.swift */; };
		BF241CBD2B3675E400B83B44 /* ShareOverlayParticles.swift in Sources */ = {isa = PBXBuildFile; fileRef = BF241CBB2B3675E400B83B44 /* ShareOverlayParticles.swift */; };
		BF241CBE2B3675E400B83B44 /* ShareOverlayFingerLight.swift in Sources */ = {isa = PBXBuildFile; fileRef = BF241CBC2B3675E400B83B44 /* ShareOverlayFingerLight.swift */; };
		BF59A2312B3586DC002B40A7 /* AVLooperPlayer.swift in Sources */ = {isa = PBXBuildFile; fileRef = BF59A2302B3586DC002B40A7 /* AVLooperPlayer.swift */; };
		BF59A2352B358DF6002B40A7 /* fromHex.swift in Sources */ = {isa = PBXBuildFile; fileRef = BF59A2342B358DF6002B40A7 /* fromHex.swift */; };
		BF59A23B2B359075002B40A7 /* ShareOverlayGradientBackground.swift in Sources */ = {isa = PBXBuildFile; fileRef = BF59A23A2B359075002B40A7 /* ShareOverlayGradientBackground.swift */; };
		BF639A3D2B32065500E6AABB /* sample.md in Resources */ = {isa = PBXBuildFile; fileRef = BF639A3C2B31DDEE00E6AABB /* sample.md */; };
		BF642A1D2B412ED60097D939 /* sampleDark.pdf in Resources */ = {isa = PBXBuildFile; fileRef = BF642A1C2B412ED60097D939 /* sampleDark.pdf */; };
		BF69399D2B34AEE700AF3541 /* ViewModel.swift in Sources */ = {isa = PBXBuildFile; fileRef = BF69399C2B34AEE700AF3541 /* ViewModel.swift */; };
		BF8226A82B35ABE900834832 /* vibrate.swift in Sources */ = {isa = PBXBuildFile; fileRef = BF8226A72B35ABE900834832 /* vibrate.swift */; };
		BF8226AA2B35ABEF00834832 /* draggableCard.swift in Sources */ = {isa = PBXBuildFile; fileRef = BF8226A92B35ABEF00834832 /* draggableCard.swift */; };
		BF8226AF2B35AD5700834832 /* interpolatorBuilder.swift in Sources */ = {isa = PBXBuildFile; fileRef = BF8226AE2B35AD5700834832 /* interpolatorBuilder.swift */; };
		BF8226B12B35AD6900834832 /* getOffsetAroundCircleForIndex.swift in Sources */ = {isa = PBXBuildFile; fileRef = BF8226B02B35AD6900834832 /* getOffsetAroundCircleForIndex.swift */; };
		BF8226B52B35AEEF00834832 /* calculateDistance.swift in Sources */ = {isa = PBXBuildFile; fileRef = BF8226B42B35AEEF00834832 /* calculateDistance.swift */; };
		BF8226B72B35AF3100834832 /* floatingBounceEffect.swift in Sources */ = {isa = PBXBuildFile; fileRef = BF8226B62B35AF3100834832 /* floatingBounceEffect.swift */; };
		BF8226B92B35B06500834832 /* RR.swift in Sources */ = {isa = PBXBuildFile; fileRef = BF8226B82B35B06500834832 /* RR.swift */; };
		BF8226BB2B35B0B300834832 /* screenSize.swift in Sources */ = {isa = PBXBuildFile; fileRef = BF8226BA2B35B0B300834832 /* screenSize.swift */; };
		BF8226BD2B35B0E600834832 /* frame.swift in Sources */ = {isa = PBXBuildFile; fileRef = BF8226BC2B35B0E600834832 /* frame.swift */; };
		BF8226BF2B35B13300834832 /* UIScreen+ScreenCorners..swift in Sources */ = {isa = PBXBuildFile; fileRef = BF8226BE2B35B13200834832 /* UIScreen+ScreenCorners..swift */; };
		BF8226C12B35B1A200834832 /* cgPointHashable.swift in Sources */ = {isa = PBXBuildFile; fileRef = BF8226C02B35B1A200834832 /* cgPointHashable.swift */; };
		BFAF1DC02B33150300310703 /* ShareWall.swift in Sources */ = {isa = PBXBuildFile; fileRef = BFAF1DB82B33150200310703 /* ShareWall.swift */; };
		BFAF1DC92B3315EE00310703 /* Pow in Frameworks */ = {isa = PBXBuildFile; productRef = BFAF1DC82B3315EE00310703 /* Pow */; };
		BFAF1DCB2B3318DA00310703 /* ShareWallTrigger.swift in Sources */ = {isa = PBXBuildFile; fileRef = BFAF1DCA2B3318DA00310703 /* ShareWallTrigger.swift */; };
		BFAF1DCD2B331B4200310703 /* ShareOverlayProvider.swift in Sources */ = {isa = PBXBuildFile; fileRef = BFAF1DCC2B331B4200310703 /* ShareOverlayProvider.swift */; };
		BFAF1DCF2B331DB700310703 /* ShareOverlayTarget.swift in Sources */ = {isa = PBXBuildFile; fileRef = BFAF1DCE2B331DB700310703 /* ShareOverlayTarget.swift */; };
		BFAF1DD12B3325B200310703 /* ShareOverlayView.swift in Sources */ = {isa = PBXBuildFile; fileRef = BFAF1DD02B3325B200310703 /* ShareOverlayView.swift */; };
		BFAF1DD92B33FB0900310703 /* particle.mov in Resources */ = {isa = PBXBuildFile; fileRef = BFAF1DD82B33FB0900310703 /* particle.mov */; };
		BFD989642B40962F0084A8A6 /* PDFKitRepresentedView.swift in Sources */ = {isa = PBXBuildFile; fileRef = BFD989632B40962F0084A8A6 /* PDFKitRepresentedView.swift */; };
		BFD989672B40AA440084A8A6 /* sample.pdf in Resources */ = {isa = PBXBuildFile; fileRef = BFD989662B40AA440084A8A6 /* sample.pdf */; };
		BFFE17552BDB4D74008A39B6 /* apw1.md in Resources */ = {isa = PBXBuildFile; fileRef = 434B24202BDA2EBC00197905 /* apw1.md */; };
		E768441E2B1FF3180096114D /* MessageView.swift in Sources */ = {isa = PBXBuildFile; fileRef = E768441D2B1FF3180096114D /* MessageView.swift */; };
		E76844202B1FF35E0096114D /* MailView.swift in Sources */ = {isa = PBXBuildFile; fileRef = E768441F2B1FF35E0096114D /* MailView.swift */; };
		EC1AB2D32B0FF75800247971 /* Flashcard.swift in Sources */ = {isa = PBXBuildFile; fileRef = EC1AB2D22B0FF75800247971 /* Flashcard.swift */; };
		EC1AB2D62B0FFBE700247971 /* JSONCoding.swift in Sources */ = {isa = PBXBuildFile; fileRef = EC1AB2D52B0FFBE700247971 /* JSONCoding.swift */; };
		EC1AB2D82B0FFEBF00247971 /* FlashcardView.swift in Sources */ = {isa = PBXBuildFile; fileRef = EC1AB2D72B0FFEBF00247971 /* FlashcardView.swift */; };
		EC1AB2E32B1009EA00247971 /* CardFlipper.swift in Sources */ = {isa = PBXBuildFile; fileRef = EC1AB2E22B1009EA00247971 /* CardFlipper.swift */; };
		EC1AB2E42B100CEE00247971 /* computer-science.json in Resources */ = {isa = PBXBuildFile; fileRef = EC1AB2D02B0FF5AA00247971 /* computer-science.json */; };
		EC31DB1D2B130DDA00A777ED /* OnboardingView.swift in Sources */ = {isa = PBXBuildFile; fileRef = EC31DB1C2B130DDA00A777ED /* OnboardingView.swift */; };
		EC31DB202B130E2E00A777ED /* OnboardingWelcome.swift in Sources */ = {isa = PBXBuildFile; fileRef = EC31DB1F2B130E2E00A777ED /* OnboardingWelcome.swift */; };
		EC31DB222B130F6200A777ED /* fontSize.swift in Sources */ = {isa = PBXBuildFile; fileRef = EC31DB212B130F6200A777ED /* fontSize.swift */; };
		EC31DB262B13152800A777ED /* defaults.swift in Sources */ = {isa = PBXBuildFile; fileRef = EC31DB252B13152800A777ED /* defaults.swift */; };
		EC31DB282B1315FB00A777ED /* dismissKeyboard.swift in Sources */ = {isa = PBXBuildFile; fileRef = EC31DB272B1315FB00A777ED /* dismissKeyboard.swift */; };
		EC31DB2A2B13169A00A777ED /* FatButton.swift in Sources */ = {isa = PBXBuildFile; fileRef = EC31DB292B13169A00A777ED /* FatButton.swift */; };
		EC31DB2C2B13179200A777ED /* OnboardingTryingSomethingNew.swift in Sources */ = {isa = PBXBuildFile; fileRef = EC31DB2B2B13179200A777ED /* OnboardingTryingSomethingNew.swift */; };
		EC31DB2E2B131A3E00A777ED /* OnboardingDiscord.swift in Sources */ = {isa = PBXBuildFile; fileRef = EC31DB2D2B131A3E00A777ED /* OnboardingDiscord.swift */; };
		EC31DB302B131DB000A777ED /* OnboardingStepTemplate.swift in Sources */ = {isa = PBXBuildFile; fileRef = EC31DB2F2B131DB000A777ED /* OnboardingStepTemplate.swift */; };
/* End PBXBuildFile section */

/* Begin PBXContainerItemProxy section */
		4341B0E72AE6523D00C5CC11 /* PBXContainerItemProxy */ = {
			isa = PBXContainerItemProxy;
			containerPortal = 4341B0CE2AE6523D00C5CC11 /* Project object */;
			proxyType = 1;
			remoteGlobalIDString = 4341B0D52AE6523D00C5CC11;
			remoteInfo = StudyCrunch;
		};
		4341B0F12AE6523D00C5CC11 /* PBXContainerItemProxy */ = {
			isa = PBXContainerItemProxy;
			containerPortal = 4341B0CE2AE6523D00C5CC11 /* Project object */;
			proxyType = 1;
			remoteGlobalIDString = 4341B0D52AE6523D00C5CC11;
			remoteInfo = StudyCrunch;
		};
/* End PBXContainerItemProxy section */

/* Begin PBXFileReference section */
		4300E6AC2AF72ECE00922E62 /* ShareMenu.swift */ = {isa = PBXFileReference; lastKnownFileType = sourcecode.swift; path = ShareMenu.swift; sourceTree = "<group>"; };
		4336A0982B34FD66001B27BE /* FAQPanel.swift */ = {isa = PBXFileReference; lastKnownFileType = sourcecode.swift; path = FAQPanel.swift; sourceTree = "<group>"; };
		4341B0D62AE6523D00C5CC11 /* StudyCrunch.app */ = {isa = PBXFileReference; explicitFileType = wrapper.application; includeInIndex = 0; path = StudyCrunch.app; sourceTree = BUILT_PRODUCTS_DIR; };
		4341B0D92AE6523D00C5CC11 /* StudyCrunchApp.swift */ = {isa = PBXFileReference; lastKnownFileType = sourcecode.swift; path = StudyCrunchApp.swift; sourceTree = "<group>"; };
		4341B0DB2AE6523D00C5CC11 /* ContentView.swift */ = {isa = PBXFileReference; lastKnownFileType = sourcecode.swift; path = ContentView.swift; sourceTree = "<group>"; };
		4341B0DD2AE6523D00C5CC11 /* Assets.xcassets */ = {isa = PBXFileReference; lastKnownFileType = folder.assetcatalog; path = Assets.xcassets; sourceTree = "<group>"; };
		4341B0E02AE6523D00C5CC11 /* Preview Assets.xcassets */ = {isa = PBXFileReference; lastKnownFileType = folder.assetcatalog; path = "Preview Assets.xcassets"; sourceTree = "<group>"; };
		4341B0E62AE6523D00C5CC11 /* StudyCrunchTests.xctest */ = {isa = PBXFileReference; explicitFileType = wrapper.cfbundle; includeInIndex = 0; path = StudyCrunchTests.xctest; sourceTree = BUILT_PRODUCTS_DIR; };
		4341B0EA2AE6523D00C5CC11 /* StudyCrunchTests.swift */ = {isa = PBXFileReference; lastKnownFileType = sourcecode.swift; path = StudyCrunchTests.swift; sourceTree = "<group>"; };
		4341B0F02AE6523D00C5CC11 /* StudyCrunchUITests.xctest */ = {isa = PBXFileReference; explicitFileType = wrapper.cfbundle; includeInIndex = 0; path = StudyCrunchUITests.xctest; sourceTree = BUILT_PRODUCTS_DIR; };
		4341B0F42AE6523D00C5CC11 /* StudyCrunchUITests.swift */ = {isa = PBXFileReference; lastKnownFileType = sourcecode.swift; path = StudyCrunchUITests.swift; sourceTree = "<group>"; };
		4341B0F62AE6523D00C5CC11 /* StudyCrunchUITestsLaunchTests.swift */ = {isa = PBXFileReference; lastKnownFileType = sourcecode.swift; path = StudyCrunchUITestsLaunchTests.swift; sourceTree = "<group>"; };
		434B24202BDA2EBC00197905 /* apw1.md */ = {isa = PBXFileReference; lastKnownFileType = net.daringfireball.markdown; path = apw1.md; sourceTree = "<group>"; };
		434B24242BDA304500197905 /* apw_f1.json */ = {isa = PBXFileReference; fileEncoding = 4; lastKnownFileType = text.json; path = apw_f1.json; sourceTree = "<group>"; };
		587F41142AE9E52000739263 /* MenuOption.swift */ = {isa = PBXFileReference; lastKnownFileType = sourcecode.swift; path = MenuOption.swift; sourceTree = "<group>"; };
		5882C2782AEB5E570085D577 /* constants.swift */ = {isa = PBXFileReference; lastKnownFileType = sourcecode.swift; path = constants.swift; sourceTree = "<group>"; };
		5882C27A2AEB5F7E0085D577 /* global.swift */ = {isa = PBXFileReference; lastKnownFileType = sourcecode.swift; path = global.swift; sourceTree = "<group>"; };
		5882C27E2AEB6D420085D577 /* SettingsPage.swift */ = {isa = PBXFileReference; lastKnownFileType = sourcecode.swift; path = SettingsPage.swift; sourceTree = "<group>"; };
		5882C2832AEB92760085D577 /* ChapterMenu.swift */ = {isa = PBXFileReference; lastKnownFileType = sourcecode.swift; path = ChapterMenu.swift; sourceTree = "<group>"; };
		5882C2892AF1C2790085D577 /* Section.swift */ = {isa = PBXFileReference; lastKnownFileType = sourcecode.swift; path = Section.swift; sourceTree = "<group>"; };
		5882C28B2AF1CB6C0085D577 /* utils.swift */ = {isa = PBXFileReference; lastKnownFileType = sourcecode.swift; path = utils.swift; sourceTree = "<group>"; };
		58A3735D2AE887BA003F20E6 /* CourseMenu.swift */ = {isa = PBXFileReference; lastKnownFileType = sourcecode.swift; path = CourseMenu.swift; sourceTree = "<group>"; };
		58A3735F2AE88F85003F20E6 /* Course.swift */ = {isa = PBXFileReference; lastKnownFileType = sourcecode.swift; path = Course.swift; sourceTree = "<group>"; };
		58A373612AE891E5003F20E6 /* Chapter.swift */ = {isa = PBXFileReference; lastKnownFileType = sourcecode.swift; path = Chapter.swift; sourceTree = "<group>"; };
		58A373632AE89207003F20E6 /* SectionMenu.swift */ = {isa = PBXFileReference; lastKnownFileType = sourcecode.swift; path = SectionMenu.swift; sourceTree = "<group>"; };
		58A373652AE893A0003F20E6 /* ChapterPage.swift */ = {isa = PBXFileReference; lastKnownFileType = sourcecode.swift; path = ChapterPage.swift; sourceTree = "<group>"; };
		BF02B3692B3BAB7D007DFA45 /* CSCourse.swift */ = {isa = PBXFileReference; lastKnownFileType = sourcecode.swift; path = CSCourse.swift; sourceTree = "<group>"; };
		BF02B36B2B3BAB9F007DFA45 /* EnglishCourse.swift */ = {isa = PBXFileReference; lastKnownFileType = sourcecode.swift; path = EnglishCourse.swift; sourceTree = "<group>"; };
		BF0E79952B386D21009B3174 /* Product.storekit */ = {isa = PBXFileReference; lastKnownFileType = text; path = Product.storekit; sourceTree = "<group>"; };
		BF0E79982B387DEF009B3174 /* StoreKitManager.swift */ = {isa = PBXFileReference; lastKnownFileType = sourcecode.swift; path = StoreKitManager.swift; sourceTree = "<group>"; };
		BF0E799A2B387FB6009B3174 /* PropertyList.plist */ = {isa = PBXFileReference; lastKnownFileType = text.plist.xml; path = PropertyList.plist; sourceTree = "<group>"; };
		BF0E799C2B388EED009B3174 /* PurchasableItemView.swift */ = {isa = PBXFileReference; lastKnownFileType = sourcecode.swift; path = PurchasableItemView.swift; sourceTree = "<group>"; };
		BF241CBB2B3675E400B83B44 /* ShareOverlayParticles.swift */ = {isa = PBXFileReference; fileEncoding = 4; lastKnownFileType = sourcecode.swift; path = ShareOverlayParticles.swift; sourceTree = "<group>"; };
		BF241CBC2B3675E400B83B44 /* ShareOverlayFingerLight.swift */ = {isa = PBXFileReference; fileEncoding = 4; lastKnownFileType = sourcecode.swift; path = ShareOverlayFingerLight.swift; sourceTree = "<group>"; };
		BF59A2302B3586DC002B40A7 /* AVLooperPlayer.swift */ = {isa = PBXFileReference; fileEncoding = 4; lastKnownFileType = sourcecode.swift; path = AVLooperPlayer.swift; sourceTree = "<group>"; };
		BF59A2342B358DF6002B40A7 /* fromHex.swift */ = {isa = PBXFileReference; fileEncoding = 4; lastKnownFileType = sourcecode.swift; path = fromHex.swift; sourceTree = "<group>"; };
		BF59A23A2B359075002B40A7 /* ShareOverlayGradientBackground.swift */ = {isa = PBXFileReference; fileEncoding = 4; lastKnownFileType = sourcecode.swift; path = ShareOverlayGradientBackground.swift; sourceTree = "<group>"; };
		BF639A3C2B31DDEE00E6AABB /* sample.md */ = {isa = PBXFileReference; lastKnownFileType = net.daringfireball.markdown; path = sample.md; sourceTree = "<group>"; };
		BF642A1C2B412ED60097D939 /* sampleDark.pdf */ = {isa = PBXFileReference; lastKnownFileType = image.pdf; path = sampleDark.pdf; sourceTree = "<group>"; };
		BF69399C2B34AEE700AF3541 /* ViewModel.swift */ = {isa = PBXFileReference; lastKnownFileType = sourcecode.swift; path = ViewModel.swift; sourceTree = "<group>"; };
		BF8226A72B35ABE900834832 /* vibrate.swift */ = {isa = PBXFileReference; fileEncoding = 4; lastKnownFileType = sourcecode.swift; path = vibrate.swift; sourceTree = "<group>"; };
		BF8226A92B35ABEF00834832 /* draggableCard.swift */ = {isa = PBXFileReference; fileEncoding = 4; lastKnownFileType = sourcecode.swift; path = draggableCard.swift; sourceTree = "<group>"; };
		BF8226AE2B35AD5700834832 /* interpolatorBuilder.swift */ = {isa = PBXFileReference; fileEncoding = 4; lastKnownFileType = sourcecode.swift; path = interpolatorBuilder.swift; sourceTree = "<group>"; };
		BF8226B02B35AD6900834832 /* getOffsetAroundCircleForIndex.swift */ = {isa = PBXFileReference; fileEncoding = 4; lastKnownFileType = sourcecode.swift; path = getOffsetAroundCircleForIndex.swift; sourceTree = "<group>"; };
		BF8226B42B35AEEF00834832 /* calculateDistance.swift */ = {isa = PBXFileReference; fileEncoding = 4; lastKnownFileType = sourcecode.swift; path = calculateDistance.swift; sourceTree = "<group>"; };
		BF8226B62B35AF3100834832 /* floatingBounceEffect.swift */ = {isa = PBXFileReference; fileEncoding = 4; lastKnownFileType = sourcecode.swift; path = floatingBounceEffect.swift; sourceTree = "<group>"; };
		BF8226B82B35B06500834832 /* RR.swift */ = {isa = PBXFileReference; fileEncoding = 4; lastKnownFileType = sourcecode.swift; path = RR.swift; sourceTree = "<group>"; };
		BF8226BA2B35B0B300834832 /* screenSize.swift */ = {isa = PBXFileReference; fileEncoding = 4; lastKnownFileType = sourcecode.swift; path = screenSize.swift; sourceTree = "<group>"; };
		BF8226BC2B35B0E600834832 /* frame.swift */ = {isa = PBXFileReference; fileEncoding = 4; lastKnownFileType = sourcecode.swift; path = frame.swift; sourceTree = "<group>"; };
		BF8226BE2B35B13200834832 /* UIScreen+ScreenCorners..swift */ = {isa = PBXFileReference; fileEncoding = 4; lastKnownFileType = sourcecode.swift; path = "UIScreen+ScreenCorners..swift"; sourceTree = "<group>"; };
		BF8226C02B35B1A200834832 /* cgPointHashable.swift */ = {isa = PBXFileReference; fileEncoding = 4; lastKnownFileType = sourcecode.swift; path = cgPointHashable.swift; sourceTree = "<group>"; };
		BFAF1DB82B33150200310703 /* ShareWall.swift */ = {isa = PBXFileReference; fileEncoding = 4; lastKnownFileType = sourcecode.swift; path = ShareWall.swift; sourceTree = "<group>"; };
		BFAF1DCA2B3318DA00310703 /* ShareWallTrigger.swift */ = {isa = PBXFileReference; fileEncoding = 4; lastKnownFileType = sourcecode.swift; path = ShareWallTrigger.swift; sourceTree = "<group>"; };
		BFAF1DCC2B331B4200310703 /* ShareOverlayProvider.swift */ = {isa = PBXFileReference; fileEncoding = 4; lastKnownFileType = sourcecode.swift; path = ShareOverlayProvider.swift; sourceTree = "<group>"; };
		BFAF1DCE2B331DB700310703 /* ShareOverlayTarget.swift */ = {isa = PBXFileReference; fileEncoding = 4; lastKnownFileType = sourcecode.swift; path = ShareOverlayTarget.swift; sourceTree = "<group>"; };
		BFAF1DD02B3325B200310703 /* ShareOverlayView.swift */ = {isa = PBXFileReference; fileEncoding = 4; lastKnownFileType = sourcecode.swift; path = ShareOverlayView.swift; sourceTree = "<group>"; };
		BFAF1DD82B33FB0900310703 /* particle.mov */ = {isa = PBXFileReference; lastKnownFileType = video.quicktime; path = particle.mov; sourceTree = "<group>"; };
		BFD989632B40962F0084A8A6 /* PDFKitRepresentedView.swift */ = {isa = PBXFileReference; lastKnownFileType = sourcecode.swift; path = PDFKitRepresentedView.swift; sourceTree = "<group>"; };
		BFD989662B40AA440084A8A6 /* sample.pdf */ = {isa = PBXFileReference; lastKnownFileType = image.pdf; path = sample.pdf; sourceTree = "<group>"; };
		E768441D2B1FF3180096114D /* MessageView.swift */ = {isa = PBXFileReference; lastKnownFileType = sourcecode.swift; path = MessageView.swift; sourceTree = "<group>"; };
		E768441F2B1FF35E0096114D /* MailView.swift */ = {isa = PBXFileReference; lastKnownFileType = sourcecode.swift; path = MailView.swift; sourceTree = "<group>"; };
		EC1AB2D02B0FF5AA00247971 /* computer-science.json */ = {isa = PBXFileReference; lastKnownFileType = text.json; path = "computer-science.json"; sourceTree = "<group>"; };
		EC1AB2D22B0FF75800247971 /* Flashcard.swift */ = {isa = PBXFileReference; lastKnownFileType = sourcecode.swift; path = Flashcard.swift; sourceTree = "<group>"; };
		EC1AB2D52B0FFBE700247971 /* JSONCoding.swift */ = {isa = PBXFileReference; lastKnownFileType = sourcecode.swift; path = JSONCoding.swift; sourceTree = "<group>"; };
		EC1AB2D72B0FFEBF00247971 /* FlashcardView.swift */ = {isa = PBXFileReference; lastKnownFileType = sourcecode.swift; path = FlashcardView.swift; sourceTree = "<group>"; };
		EC1AB2E22B1009EA00247971 /* CardFlipper.swift */ = {isa = PBXFileReference; lastKnownFileType = sourcecode.swift; path = CardFlipper.swift; sourceTree = "<group>"; };
		EC31DB1C2B130DDA00A777ED /* OnboardingView.swift */ = {isa = PBXFileReference; lastKnownFileType = sourcecode.swift; path = OnboardingView.swift; sourceTree = "<group>"; };
		EC31DB1F2B130E2E00A777ED /* OnboardingWelcome.swift */ = {isa = PBXFileReference; lastKnownFileType = sourcecode.swift; path = OnboardingWelcome.swift; sourceTree = "<group>"; };
		EC31DB212B130F6200A777ED /* fontSize.swift */ = {isa = PBXFileReference; lastKnownFileType = sourcecode.swift; path = fontSize.swift; sourceTree = "<group>"; };
		EC31DB252B13152800A777ED /* defaults.swift */ = {isa = PBXFileReference; lastKnownFileType = sourcecode.swift; path = defaults.swift; sourceTree = "<group>"; };
		EC31DB272B1315FB00A777ED /* dismissKeyboard.swift */ = {isa = PBXFileReference; lastKnownFileType = sourcecode.swift; path = dismissKeyboard.swift; sourceTree = "<group>"; };
		EC31DB292B13169A00A777ED /* FatButton.swift */ = {isa = PBXFileReference; lastKnownFileType = sourcecode.swift; path = FatButton.swift; sourceTree = "<group>"; };
		EC31DB2B2B13179200A777ED /* OnboardingTryingSomethingNew.swift */ = {isa = PBXFileReference; lastKnownFileType = sourcecode.swift; path = OnboardingTryingSomethingNew.swift; sourceTree = "<group>"; };
		EC31DB2D2B131A3E00A777ED /* OnboardingDiscord.swift */ = {isa = PBXFileReference; lastKnownFileType = sourcecode.swift; path = OnboardingDiscord.swift; sourceTree = "<group>"; };
		EC31DB2F2B131DB000A777ED /* OnboardingStepTemplate.swift */ = {isa = PBXFileReference; lastKnownFileType = sourcecode.swift; path = OnboardingStepTemplate.swift; sourceTree = "<group>"; };
/* End PBXFileReference section */

/* Begin PBXFrameworksBuildPhase section */
		4341B0D32AE6523D00C5CC11 /* Frameworks */ = {
			isa = PBXFrameworksBuildPhase;
			buildActionMask = 2147483647;
			files = (
				BFAF1DC92B3315EE00310703 /* Pow in Frameworks */,
				430C346C2B44DD09002A25BF /* AlertToast in Frameworks */,
				430ACB312AE6EDDC007017AC /* Defaults in Frameworks */,
				5882C2952AF24CE70085D577 /* MarkdownUI in Frameworks */,
			);
			runOnlyForDeploymentPostprocessing = 0;
		};
		4341B0E32AE6523D00C5CC11 /* Frameworks */ = {
			isa = PBXFrameworksBuildPhase;
			buildActionMask = 2147483647;
			files = (
			);
			runOnlyForDeploymentPostprocessing = 0;
		};
		4341B0ED2AE6523D00C5CC11 /* Frameworks */ = {
			isa = PBXFrameworksBuildPhase;
			buildActionMask = 2147483647;
			files = (
			);
			runOnlyForDeploymentPostprocessing = 0;
		};
/* End PBXFrameworksBuildPhase section */

/* Begin PBXGroup section */
		4341B0CD2AE6523D00C5CC11 = {
			isa = PBXGroup;
			children = (
				4341B0D82AE6523D00C5CC11 /* StudyCrunch */,
				4341B0E92AE6523D00C5CC11 /* StudyCrunchTests */,
				4341B0F32AE6523D00C5CC11 /* StudyCrunchUITests */,
				4341B0D72AE6523D00C5CC11 /* Products */,
			);
			sourceTree = "<group>";
		};
		4341B0D72AE6523D00C5CC11 /* Products */ = {
			isa = PBXGroup;
			children = (
				4341B0D62AE6523D00C5CC11 /* StudyCrunch.app */,
				4341B0E62AE6523D00C5CC11 /* StudyCrunchTests.xctest */,
				4341B0F02AE6523D00C5CC11 /* StudyCrunchUITests.xctest */,
			);
			name = Products;
			sourceTree = "<group>";
		};
		4341B0D82AE6523D00C5CC11 /* StudyCrunch */ = {
			isa = PBXGroup;
			children = (
				BF8226AD2B35AD3B00834832 /* utils */,
				EC1AB2D42B0FFBDE00247971 /* extensions */,
				EC1AB2CF2B0FF59C00247971 /* assets */,
				4341B1062AE655B500C5CC11 /* Components */,
				4341B0D92AE6523D00C5CC11 /* StudyCrunchApp.swift */,
				5882C2762AEB5B8B0085D577 /* Global */,
				5882C2772AEB5BAC0085D577 /* Structures */,
				5882C2822AEB90EE0085D577 /* Pages */,
				4341B0DB2AE6523D00C5CC11 /* ContentView.swift */,
				BF69399C2B34AEE700AF3541 /* ViewModel.swift */,
				4341B0DD2AE6523D00C5CC11 /* Assets.xcassets */,
				BF0E79952B386D21009B3174 /* Product.storekit */,
				BF0E79982B387DEF009B3174 /* StoreKitManager.swift */,
				BF0E799A2B387FB6009B3174 /* PropertyList.plist */,
				4341B0DF2AE6523D00C5CC11 /* Preview Content */,
			);
			path = StudyCrunch;
			sourceTree = "<group>";
		};
		4341B0DF2AE6523D00C5CC11 /* Preview Content */ = {
			isa = PBXGroup;
			children = (
				4341B0E02AE6523D00C5CC11 /* Preview Assets.xcassets */,
			);
			path = "Preview Content";
			sourceTree = "<group>";
		};
		4341B0E92AE6523D00C5CC11 /* StudyCrunchTests */ = {
			isa = PBXGroup;
			children = (
				4341B0EA2AE6523D00C5CC11 /* StudyCrunchTests.swift */,
			);
			path = StudyCrunchTests;
			sourceTree = "<group>";
		};
		4341B0F32AE6523D00C5CC11 /* StudyCrunchUITests */ = {
			isa = PBXGroup;
			children = (
				4341B0F42AE6523D00C5CC11 /* StudyCrunchUITests.swift */,
				4341B0F62AE6523D00C5CC11 /* StudyCrunchUITestsLaunchTests.swift */,
			);
			path = StudyCrunchUITests;
			sourceTree = "<group>";
		};
		4341B1062AE655B500C5CC11 /* Components */ = {
			isa = PBXGroup;
			children = (
				BFAF1DB62B3314F000310703 /* ShareWall */,
				587F41142AE9E52000739263 /* MenuOption.swift */,
				BF0E799C2B388EED009B3174 /* PurchasableItemView.swift */,
				4300E6AC2AF72ECE00922E62 /* ShareMenu.swift */,
				E768441D2B1FF3180096114D /* MessageView.swift */,
				E768441F2B1FF35E0096114D /* MailView.swift */,
				EC1AB2D72B0FFEBF00247971 /* FlashcardView.swift */,
				EC1AB2E22B1009EA00247971 /* CardFlipper.swift */,
				EC31DB292B13169A00A777ED /* FatButton.swift */,
				BF59A2302B3586DC002B40A7 /* AVLooperPlayer.swift */,
				BF8226B82B35B06500834832 /* RR.swift */,
				BFD989632B40962F0084A8A6 /* PDFKitRepresentedView.swift */,
			);
			path = Components;
			sourceTree = "<group>";
		};
		434B241F2BDA2E9F00197905 /* AP World */ = {
			isa = PBXGroup;
			children = (
				434B24202BDA2EBC00197905 /* apw1.md */,
			);
			path = "AP World";
			sourceTree = "<group>";
		};
		434B24212BDA2EE400197905 /* AP World */ = {
			isa = PBXGroup;
			children = (
				434B24242BDA304500197905 /* apw_f1.json */,
			);
			path = "AP World";
			sourceTree = "<group>";
		};
		5882C2762AEB5B8B0085D577 /* Global */ = {
			isa = PBXGroup;
			children = (
				5882C2782AEB5E570085D577 /* constants.swift */,
				5882C27A2AEB5F7E0085D577 /* global.swift */,
				5882C28B2AF1CB6C0085D577 /* utils.swift */,
				EC31DB252B13152800A777ED /* defaults.swift */,
			);
			path = Global;
			sourceTree = "<group>";
		};
		5882C2772AEB5BAC0085D577 /* Structures */ = {
			isa = PBXGroup;
			children = (
				58A3735F2AE88F85003F20E6 /* Course.swift */,
				5882C2892AF1C2790085D577 /* Section.swift */,
				58A373612AE891E5003F20E6 /* Chapter.swift */,
				EC1AB2D22B0FF75800247971 /* Flashcard.swift */,
				BF02B3692B3BAB7D007DFA45 /* CSCourse.swift */,
				BF02B36B2B3BAB9F007DFA45 /* EnglishCourse.swift */,
			);
			path = Structures;
			sourceTree = "<group>";
		};
		5882C2822AEB90EE0085D577 /* Pages */ = {
			isa = PBXGroup;
			children = (
				EC31DB1B2B130DCB00A777ED /* Onboarding */,
				58A373652AE893A0003F20E6 /* ChapterPage.swift */,
				58A3735D2AE887BA003F20E6 /* CourseMenu.swift */,
				58A373632AE89207003F20E6 /* SectionMenu.swift */,
				5882C2832AEB92760085D577 /* ChapterMenu.swift */,
				5882C27E2AEB6D420085D577 /* SettingsPage.swift */,
				4336A0982B34FD66001B27BE /* FAQPanel.swift */,
			);
			path = Pages;
			sourceTree = "<group>";
		};
		BF639A3B2B31DDC700E6AABB /* markdown */ = {
			isa = PBXGroup;
			children = (
				434B241F2BDA2E9F00197905 /* AP World */,
				BF639A3C2B31DDEE00E6AABB /* sample.md */,
			);
			path = markdown;
			sourceTree = "<group>";
		};
		BF8226A62B35AB8800834832 /* modifiers */ = {
			isa = PBXGroup;
			children = (
				BF8226A92B35ABEF00834832 /* draggableCard.swift */,
				BF8226A72B35ABE900834832 /* vibrate.swift */,
				BF8226B62B35AF3100834832 /* floatingBounceEffect.swift */,
			);
			path = modifiers;
			sourceTree = "<group>";
		};
		BF8226AD2B35AD3B00834832 /* utils */ = {
			isa = PBXGroup;
			children = (
				BF8226AE2B35AD5700834832 /* interpolatorBuilder.swift */,
				BF8226B02B35AD6900834832 /* getOffsetAroundCircleForIndex.swift */,
			);
			path = utils;
			sourceTree = "<group>";
		};
		BFAF1DB62B3314F000310703 /* ShareWall */ = {
			isa = PBXGroup;
			children = (
				BFAF1DB82B33150200310703 /* ShareWall.swift */,
				BFAF1DCA2B3318DA00310703 /* ShareWallTrigger.swift */,
				BFAF1DCC2B331B4200310703 /* ShareOverlayProvider.swift */,
				BFAF1DD02B3325B200310703 /* ShareOverlayView.swift */,
				BF59A23A2B359075002B40A7 /* ShareOverlayGradientBackground.swift */,
				BF241CBC2B3675E400B83B44 /* ShareOverlayFingerLight.swift */,
				BF241CBB2B3675E400B83B44 /* ShareOverlayParticles.swift */,
				BFAF1DCE2B331DB700310703 /* ShareOverlayTarget.swift */,
			);
			path = ShareWall;
			sourceTree = "<group>";
		};
		BFAF1DD72B33FAE900310703 /* videos */ = {
			isa = PBXGroup;
			children = (
				BFAF1DD82B33FB0900310703 /* particle.mov */,
			);
			path = videos;
			sourceTree = "<group>";
		};
		BFD989652B40AA210084A8A6 /* pdf */ = {
			isa = PBXGroup;
			children = (
				BFD989662B40AA440084A8A6 /* sample.pdf */,
				BF642A1C2B412ED60097D939 /* sampleDark.pdf */,
			);
			path = pdf;
			sourceTree = "<group>";
		};
		EC1AB2CF2B0FF59C00247971 /* assets */ = {
			isa = PBXGroup;
			children = (
				BFD989652B40AA210084A8A6 /* pdf */,
				EC1AB2D12B0FF6D200247971 /* flashcards */,
				BFAF1DD72B33FAE900310703 /* videos */,
				BF639A3B2B31DDC700E6AABB /* markdown */,
			);
			path = assets;
			sourceTree = "<group>";
		};
		EC1AB2D12B0FF6D200247971 /* flashcards */ = {
			isa = PBXGroup;
			children = (
				434B24212BDA2EE400197905 /* AP World */,
				EC1AB2D02B0FF5AA00247971 /* computer-science.json */,
			);
			path = flashcards;
			sourceTree = "<group>";
		};
		EC1AB2D42B0FFBDE00247971 /* extensions */ = {
			isa = PBXGroup;
			children = (
				BF8226A62B35AB8800834832 /* modifiers */,
				EC1AB2D52B0FFBE700247971 /* JSONCoding.swift */,
				EC31DB212B130F6200A777ED /* fontSize.swift */,
				EC31DB272B1315FB00A777ED /* dismissKeyboard.swift */,
				BF59A2342B358DF6002B40A7 /* fromHex.swift */,
				BF8226B42B35AEEF00834832 /* calculateDistance.swift */,
				BF8226BA2B35B0B300834832 /* screenSize.swift */,
				BF8226BC2B35B0E600834832 /* frame.swift */,
				BF8226BE2B35B13200834832 /* UIScreen+ScreenCorners..swift */,
				BF8226C02B35B1A200834832 /* cgPointHashable.swift */,
			);
			path = extensions;
			sourceTree = "<group>";
		};
		EC31DB1B2B130DCB00A777ED /* Onboarding */ = {
			isa = PBXGroup;
			children = (
				EC31DB1E2B130E1700A777ED /* Steps */,
				EC31DB2F2B131DB000A777ED /* OnboardingStepTemplate.swift */,
				EC31DB1C2B130DDA00A777ED /* OnboardingView.swift */,
			);
			path = Onboarding;
			sourceTree = "<group>";
		};
		EC31DB1E2B130E1700A777ED /* Steps */ = {
			isa = PBXGroup;
			children = (
				EC31DB1F2B130E2E00A777ED /* OnboardingWelcome.swift */,
				EC31DB2B2B13179200A777ED /* OnboardingTryingSomethingNew.swift */,
				EC31DB2D2B131A3E00A777ED /* OnboardingDiscord.swift */,
			);
			path = Steps;
			sourceTree = "<group>";
		};
/* End PBXGroup section */

/* Begin PBXNativeTarget section */
		4341B0D52AE6523D00C5CC11 /* StudyCrunch */ = {
			isa = PBXNativeTarget;
			buildConfigurationList = 4341B0FA2AE6523D00C5CC11 /* Build configuration list for PBXNativeTarget "StudyCrunch" */;
			buildPhases = (
				4341B0D22AE6523D00C5CC11 /* Sources */,
				4341B0D32AE6523D00C5CC11 /* Frameworks */,
				4341B0D42AE6523D00C5CC11 /* Resources */,
			);
			buildRules = (
			);
			dependencies = (
			);
			name = StudyCrunch;
			packageProductDependencies = (
				430ACB302AE6EDDC007017AC /* Defaults */,
				5882C2942AF24CE70085D577 /* MarkdownUI */,
				BFAF1DC82B3315EE00310703 /* Pow */,
				430C346B2B44DD09002A25BF /* AlertToast */,
			);
			productName = StudyCrunch;
			productReference = 4341B0D62AE6523D00C5CC11 /* StudyCrunch.app */;
			productType = "com.apple.product-type.application";
		};
		4341B0E52AE6523D00C5CC11 /* StudyCrunchTests */ = {
			isa = PBXNativeTarget;
			buildConfigurationList = 4341B0FD2AE6523D00C5CC11 /* Build configuration list for PBXNativeTarget "StudyCrunchTests" */;
			buildPhases = (
				4341B0E22AE6523D00C5CC11 /* Sources */,
				4341B0E32AE6523D00C5CC11 /* Frameworks */,
				4341B0E42AE6523D00C5CC11 /* Resources */,
			);
			buildRules = (
			);
			dependencies = (
				4341B0E82AE6523D00C5CC11 /* PBXTargetDependency */,
			);
			name = StudyCrunchTests;
			productName = StudyCrunchTests;
			productReference = 4341B0E62AE6523D00C5CC11 /* StudyCrunchTests.xctest */;
			productType = "com.apple.product-type.bundle.unit-test";
		};
		4341B0EF2AE6523D00C5CC11 /* StudyCrunchUITests */ = {
			isa = PBXNativeTarget;
			buildConfigurationList = 4341B1002AE6523D00C5CC11 /* Build configuration list for PBXNativeTarget "StudyCrunchUITests" */;
			buildPhases = (
				4341B0EC2AE6523D00C5CC11 /* Sources */,
				4341B0ED2AE6523D00C5CC11 /* Frameworks */,
				4341B0EE2AE6523D00C5CC11 /* Resources */,
			);
			buildRules = (
			);
			dependencies = (
				4341B0F22AE6523D00C5CC11 /* PBXTargetDependency */,
			);
			name = StudyCrunchUITests;
			productName = StudyCrunchUITests;
			productReference = 4341B0F02AE6523D00C5CC11 /* StudyCrunchUITests.xctest */;
			productType = "com.apple.product-type.bundle.ui-testing";
		};
/* End PBXNativeTarget section */

/* Begin PBXProject section */
		4341B0CE2AE6523D00C5CC11 /* Project object */ = {
			isa = PBXProject;
			attributes = {
				BuildIndependentTargetsInParallel = 1;
				LastSwiftUpdateCheck = 1500;
				LastUpgradeCheck = 1500;
				TargetAttributes = {
					4341B0D52AE6523D00C5CC11 = {
						CreatedOnToolsVersion = 15.0.1;
					};
					4341B0E52AE6523D00C5CC11 = {
						CreatedOnToolsVersion = 15.0.1;
						TestTargetID = 4341B0D52AE6523D00C5CC11;
					};
					4341B0EF2AE6523D00C5CC11 = {
						CreatedOnToolsVersion = 15.0.1;
						TestTargetID = 4341B0D52AE6523D00C5CC11;
					};
				};
			};
			buildConfigurationList = 4341B0D12AE6523D00C5CC11 /* Build configuration list for PBXProject "StudyCrunch" */;
			compatibilityVersion = "Xcode 14.0";
			developmentRegion = en;
			hasScannedForEncodings = 0;
			knownRegions = (
				en,
				Base,
			);
			mainGroup = 4341B0CD2AE6523D00C5CC11;
			packageReferences = (
				430ACB2F2AE6EDDC007017AC /* XCRemoteSwiftPackageReference "Defaults" */,
				5882C2932AF24CE70085D577 /* XCRemoteSwiftPackageReference "swift-markdown-ui" */,
				BFAF1DC72B3315EE00310703 /* XCRemoteSwiftPackageReference "Pow" */,
				430C346A2B44DD09002A25BF /* XCRemoteSwiftPackageReference "AlertToast" */,
			);
			productRefGroup = 4341B0D72AE6523D00C5CC11 /* Products */;
			projectDirPath = "";
			projectRoot = "";
			targets = (
				4341B0D52AE6523D00C5CC11 /* StudyCrunch */,
				4341B0E52AE6523D00C5CC11 /* StudyCrunchTests */,
				4341B0EF2AE6523D00C5CC11 /* StudyCrunchUITests */,
			);
		};
/* End PBXProject section */

/* Begin PBXResourcesBuildPhase section */
		4341B0D42AE6523D00C5CC11 /* Resources */ = {
			isa = PBXResourcesBuildPhase;
			buildActionMask = 2147483647;
			files = (
				BFAF1DD92B33FB0900310703 /* particle.mov in Resources */,
				BF0E799B2B387FB6009B3174 /* PropertyList.plist in Resources */,
				BF642A1D2B412ED60097D939 /* sampleDark.pdf in Resources */,
				BFFE17552BDB4D74008A39B6 /* apw1.md in Resources */,
				EC1AB2E42B100CEE00247971 /* computer-science.json in Resources */,
				434B24252BDA304500197905 /* apw_f1.json in Resources */,
				4341B0E12AE6523D00C5CC11 /* Preview Assets.xcassets in Resources */,
				4341B0DE2AE6523D00C5CC11 /* Assets.xcassets in Resources */,
				BF639A3D2B32065500E6AABB /* sample.md in Resources */,
				BFD989672B40AA440084A8A6 /* sample.pdf in Resources */,
			);
			runOnlyForDeploymentPostprocessing = 0;
		};
		4341B0E42AE6523D00C5CC11 /* Resources */ = {
			isa = PBXResourcesBuildPhase;
			buildActionMask = 2147483647;
			files = (
			);
			runOnlyForDeploymentPostprocessing = 0;
		};
		4341B0EE2AE6523D00C5CC11 /* Resources */ = {
			isa = PBXResourcesBuildPhase;
			buildActionMask = 2147483647;
			files = (
			);
			runOnlyForDeploymentPostprocessing = 0;
		};
/* End PBXResourcesBuildPhase section */

/* Begin PBXSourcesBuildPhase section */
		4341B0D22AE6523D00C5CC11 /* Sources */ = {
			isa = PBXSourcesBuildPhase;
			buildActionMask = 2147483647;
			files = (
				BF02B36A2B3BAB7D007DFA45 /* CSCourse.swift in Sources */,
				BF0E799D2B388EED009B3174 /* PurchasableItemView.swift in Sources */,
				5882C2842AEB92760085D577 /* ChapterMenu.swift in Sources */,
				BFAF1DCB2B3318DA00310703 /* ShareWallTrigger.swift in Sources */,
				BF8226AA2B35ABEF00834832 /* draggableCard.swift in Sources */,
				5882C28C2AF1CB6C0085D577 /* utils.swift in Sources */,
				EC31DB282B1315FB00A777ED /* dismissKeyboard.swift in Sources */,
				EC31DB222B130F6200A777ED /* fontSize.swift in Sources */,
				BFD989642B40962F0084A8A6 /* PDFKitRepresentedView.swift in Sources */,
				BF59A2312B3586DC002B40A7 /* AVLooperPlayer.swift in Sources */,
				BF241CBE2B3675E400B83B44 /* ShareOverlayFingerLight.swift in Sources */,
				BF241CBD2B3675E400B83B44 /* ShareOverlayParticles.swift in Sources */,
				EC1AB2E32B1009EA00247971 /* CardFlipper.swift in Sources */,
				BF8226A82B35ABE900834832 /* vibrate.swift in Sources */,
				BF8226B92B35B06500834832 /* RR.swift in Sources */,
				4336A0992B34FD66001B27BE /* FAQPanel.swift in Sources */,
				EC31DB2E2B131A3E00A777ED /* OnboardingDiscord.swift in Sources */,
				E76844202B1FF35E0096114D /* MailView.swift in Sources */,
				EC31DB302B131DB000A777ED /* OnboardingStepTemplate.swift in Sources */,
				EC1AB2D32B0FF75800247971 /* Flashcard.swift in Sources */,
				BF8226BD2B35B0E600834832 /* frame.swift in Sources */,
				EC1AB2D62B0FFBE700247971 /* JSONCoding.swift in Sources */,
				BFAF1DD12B3325B200310703 /* ShareOverlayView.swift in Sources */,
				EC31DB202B130E2E00A777ED /* OnboardingWelcome.swift in Sources */,
				E768441E2B1FF3180096114D /* MessageView.swift in Sources */,
				BF8226AF2B35AD5700834832 /* interpolatorBuilder.swift in Sources */,
				58A373622AE891E5003F20E6 /* Chapter.swift in Sources */,
				58A373602AE88F85003F20E6 /* Course.swift in Sources */,
				BF59A23B2B359075002B40A7 /* ShareOverlayGradientBackground.swift in Sources */,
				5882C2792AEB5E570085D577 /* constants.swift in Sources */,
				EC31DB262B13152800A777ED /* defaults.swift in Sources */,
				BF8226B12B35AD6900834832 /* getOffsetAroundCircleForIndex.swift in Sources */,
				BF02B36C2B3BAB9F007DFA45 /* EnglishCourse.swift in Sources */,
				BF69399D2B34AEE700AF3541 /* ViewModel.swift in Sources */,
				BF0E79992B387DEF009B3174 /* StoreKitManager.swift in Sources */,
				BF8226B52B35AEEF00834832 /* calculateDistance.swift in Sources */,
				EC1AB2D82B0FFEBF00247971 /* FlashcardView.swift in Sources */,
				4341B0DC2AE6523D00C5CC11 /* ContentView.swift in Sources */,
				BFAF1DCD2B331B4200310703 /* ShareOverlayProvider.swift in Sources */,
				BF59A2352B358DF6002B40A7 /* fromHex.swift in Sources */,
				4300E6AD2AF72ECE00922E62 /* ShareMenu.swift in Sources */,
				BF8226B72B35AF3100834832 /* floatingBounceEffect.swift in Sources */,
				BFAF1DCF2B331DB700310703 /* ShareOverlayTarget.swift in Sources */,
				5882C27B2AEB5F7E0085D577 /* global.swift in Sources */,
				58A373642AE89207003F20E6 /* SectionMenu.swift in Sources */,
				EC31DB2A2B13169A00A777ED /* FatButton.swift in Sources */,
				BF8226BB2B35B0B300834832 /* screenSize.swift in Sources */,
				5882C28A2AF1C2790085D577 /* Section.swift in Sources */,
				4341B0DA2AE6523D00C5CC11 /* StudyCrunchApp.swift in Sources */,
				58A373662AE893A0003F20E6 /* ChapterPage.swift in Sources */,
				BFAF1DC02B33150300310703 /* ShareWall.swift in Sources */,
				587F41152AE9E52000739263 /* MenuOption.swift in Sources */,
				BF8226BF2B35B13300834832 /* UIScreen+ScreenCorners..swift in Sources */,
				5882C27F2AEB6D420085D577 /* SettingsPage.swift in Sources */,
				EC31DB2C2B13179200A777ED /* OnboardingTryingSomethingNew.swift in Sources */,
				58A3735E2AE887BA003F20E6 /* CourseMenu.swift in Sources */,
				EC31DB1D2B130DDA00A777ED /* OnboardingView.swift in Sources */,
				BF8226C12B35B1A200834832 /* cgPointHashable.swift in Sources */,
			);
			runOnlyForDeploymentPostprocessing = 0;
		};
		4341B0E22AE6523D00C5CC11 /* Sources */ = {
			isa = PBXSourcesBuildPhase;
			buildActionMask = 2147483647;
			files = (
				4341B0EB2AE6523D00C5CC11 /* StudyCrunchTests.swift in Sources */,
			);
			runOnlyForDeploymentPostprocessing = 0;
		};
		4341B0EC2AE6523D00C5CC11 /* Sources */ = {
			isa = PBXSourcesBuildPhase;
			buildActionMask = 2147483647;
			files = (
				4341B0F52AE6523D00C5CC11 /* StudyCrunchUITests.swift in Sources */,
				4341B0F72AE6523D00C5CC11 /* StudyCrunchUITestsLaunchTests.swift in Sources */,
			);
			runOnlyForDeploymentPostprocessing = 0;
		};
/* End PBXSourcesBuildPhase section */

/* Begin PBXTargetDependency section */
		4341B0E82AE6523D00C5CC11 /* PBXTargetDependency */ = {
			isa = PBXTargetDependency;
			target = 4341B0D52AE6523D00C5CC11 /* StudyCrunch */;
			targetProxy = 4341B0E72AE6523D00C5CC11 /* PBXContainerItemProxy */;
		};
		4341B0F22AE6523D00C5CC11 /* PBXTargetDependency */ = {
			isa = PBXTargetDependency;
			target = 4341B0D52AE6523D00C5CC11 /* StudyCrunch */;
			targetProxy = 4341B0F12AE6523D00C5CC11 /* PBXContainerItemProxy */;
		};
/* End PBXTargetDependency section */

/* Begin XCBuildConfiguration section */
		4341B0F82AE6523D00C5CC11 /* Debug */ = {
			isa = XCBuildConfiguration;
			buildSettings = {
				ALWAYS_SEARCH_USER_PATHS = NO;
				ASSETCATALOG_COMPILER_GENERATE_SWIFT_ASSET_SYMBOL_EXTENSIONS = YES;
				CLANG_ANALYZER_NONNULL = YES;
				CLANG_ANALYZER_NUMBER_OBJECT_CONVERSION = YES_AGGRESSIVE;
				CLANG_CXX_LANGUAGE_STANDARD = "gnu++20";
				CLANG_ENABLE_MODULES = YES;
				CLANG_ENABLE_OBJC_ARC = YES;
				CLANG_ENABLE_OBJC_WEAK = YES;
				CLANG_WARN_BLOCK_CAPTURE_AUTORELEASING = YES;
				CLANG_WARN_BOOL_CONVERSION = YES;
				CLANG_WARN_COMMA = YES;
				CLANG_WARN_CONSTANT_CONVERSION = YES;
				CLANG_WARN_DEPRECATED_OBJC_IMPLEMENTATIONS = YES;
				CLANG_WARN_DIRECT_OBJC_ISA_USAGE = YES_ERROR;
				CLANG_WARN_DOCUMENTATION_COMMENTS = YES;
				CLANG_WARN_EMPTY_BODY = YES;
				CLANG_WARN_ENUM_CONVERSION = YES;
				CLANG_WARN_INFINITE_RECURSION = YES;
				CLANG_WARN_INT_CONVERSION = YES;
				CLANG_WARN_NON_LITERAL_NULL_CONVERSION = YES;
				CLANG_WARN_OBJC_IMPLICIT_RETAIN_SELF = YES;
				CLANG_WARN_OBJC_LITERAL_CONVERSION = YES;
				CLANG_WARN_OBJC_ROOT_CLASS = YES_ERROR;
				CLANG_WARN_QUOTED_INCLUDE_IN_FRAMEWORK_HEADER = YES;
				CLANG_WARN_RANGE_LOOP_ANALYSIS = YES;
				CLANG_WARN_STRICT_PROTOTYPES = YES;
				CLANG_WARN_SUSPICIOUS_MOVE = YES;
				CLANG_WARN_UNGUARDED_AVAILABILITY = YES_AGGRESSIVE;
				CLANG_WARN_UNREACHABLE_CODE = YES;
				CLANG_WARN__DUPLICATE_METHOD_MATCH = YES;
				COPY_PHASE_STRIP = NO;
				DEBUG_INFORMATION_FORMAT = dwarf;
				ENABLE_STRICT_OBJC_MSGSEND = YES;
				ENABLE_TESTABILITY = YES;
				ENABLE_USER_SCRIPT_SANDBOXING = YES;
				GCC_C_LANGUAGE_STANDARD = gnu17;
				GCC_DYNAMIC_NO_PIC = NO;
				GCC_NO_COMMON_BLOCKS = YES;
				GCC_OPTIMIZATION_LEVEL = 0;
				GCC_PREPROCESSOR_DEFINITIONS = (
					"DEBUG=1",
					"$(inherited)",
				);
				GCC_WARN_64_TO_32_BIT_CONVERSION = YES;
				GCC_WARN_ABOUT_RETURN_TYPE = YES_ERROR;
				GCC_WARN_UNDECLARED_SELECTOR = YES;
				GCC_WARN_UNINITIALIZED_AUTOS = YES_AGGRESSIVE;
				GCC_WARN_UNUSED_FUNCTION = YES;
				GCC_WARN_UNUSED_VARIABLE = YES;
				IPHONEOS_DEPLOYMENT_TARGET = 17.0;
				LOCALIZATION_PREFERS_STRING_CATALOGS = YES;
				MTL_ENABLE_DEBUG_INFO = INCLUDE_SOURCE;
				MTL_FAST_MATH = YES;
				ONLY_ACTIVE_ARCH = YES;
				SDKROOT = iphoneos;
				SWIFT_ACTIVE_COMPILATION_CONDITIONS = "DEBUG $(inherited)";
				SWIFT_OPTIMIZATION_LEVEL = "-Onone";
			};
			name = Debug;
		};
		4341B0F92AE6523D00C5CC11 /* Release */ = {
			isa = XCBuildConfiguration;
			buildSettings = {
				ALWAYS_SEARCH_USER_PATHS = NO;
				ASSETCATALOG_COMPILER_GENERATE_SWIFT_ASSET_SYMBOL_EXTENSIONS = YES;
				CLANG_ANALYZER_NONNULL = YES;
				CLANG_ANALYZER_NUMBER_OBJECT_CONVERSION = YES_AGGRESSIVE;
				CLANG_CXX_LANGUAGE_STANDARD = "gnu++20";
				CLANG_ENABLE_MODULES = YES;
				CLANG_ENABLE_OBJC_ARC = YES;
				CLANG_ENABLE_OBJC_WEAK = YES;
				CLANG_WARN_BLOCK_CAPTURE_AUTORELEASING = YES;
				CLANG_WARN_BOOL_CONVERSION = YES;
				CLANG_WARN_COMMA = YES;
				CLANG_WARN_CONSTANT_CONVERSION = YES;
				CLANG_WARN_DEPRECATED_OBJC_IMPLEMENTATIONS = YES;
				CLANG_WARN_DIRECT_OBJC_ISA_USAGE = YES_ERROR;
				CLANG_WARN_DOCUMENTATION_COMMENTS = YES;
				CLANG_WARN_EMPTY_BODY = YES;
				CLANG_WARN_ENUM_CONVERSION = YES;
				CLANG_WARN_INFINITE_RECURSION = YES;
				CLANG_WARN_INT_CONVERSION = YES;
				CLANG_WARN_NON_LITERAL_NULL_CONVERSION = YES;
				CLANG_WARN_OBJC_IMPLICIT_RETAIN_SELF = YES;
				CLANG_WARN_OBJC_LITERAL_CONVERSION = YES;
				CLANG_WARN_OBJC_ROOT_CLASS = YES_ERROR;
				CLANG_WARN_QUOTED_INCLUDE_IN_FRAMEWORK_HEADER = YES;
				CLANG_WARN_RANGE_LOOP_ANALYSIS = YES;
				CLANG_WARN_STRICT_PROTOTYPES = YES;
				CLANG_WARN_SUSPICIOUS_MOVE = YES;
				CLANG_WARN_UNGUARDED_AVAILABILITY = YES_AGGRESSIVE;
				CLANG_WARN_UNREACHABLE_CODE = YES;
				CLANG_WARN__DUPLICATE_METHOD_MATCH = YES;
				COPY_PHASE_STRIP = NO;
				DEBUG_INFORMATION_FORMAT = "dwarf-with-dsym";
				ENABLE_NS_ASSERTIONS = NO;
				ENABLE_STRICT_OBJC_MSGSEND = YES;
				ENABLE_USER_SCRIPT_SANDBOXING = YES;
				GCC_C_LANGUAGE_STANDARD = gnu17;
				GCC_NO_COMMON_BLOCKS = YES;
				GCC_WARN_64_TO_32_BIT_CONVERSION = YES;
				GCC_WARN_ABOUT_RETURN_TYPE = YES_ERROR;
				GCC_WARN_UNDECLARED_SELECTOR = YES;
				GCC_WARN_UNINITIALIZED_AUTOS = YES_AGGRESSIVE;
				GCC_WARN_UNUSED_FUNCTION = YES;
				GCC_WARN_UNUSED_VARIABLE = YES;
				IPHONEOS_DEPLOYMENT_TARGET = 17.0;
				LOCALIZATION_PREFERS_STRING_CATALOGS = YES;
				MTL_ENABLE_DEBUG_INFO = NO;
				MTL_FAST_MATH = YES;
				SDKROOT = iphoneos;
				SWIFT_COMPILATION_MODE = wholemodule;
				VALIDATE_PRODUCT = YES;
			};
			name = Release;
		};
		4341B0FB2AE6523D00C5CC11 /* Debug */ = {
			isa = XCBuildConfiguration;
			buildSettings = {
				ASSETCATALOG_COMPILER_APPICON_NAME = AppIcon;
				ASSETCATALOG_COMPILER_GLOBAL_ACCENT_COLOR_NAME = AccentColor;
				CODE_SIGN_STYLE = Automatic;
				CURRENT_PROJECT_VERSION = 1;
				DEVELOPMENT_ASSET_PATHS = "\"StudyCrunch/Preview Content\"";
				DEVELOPMENT_TEAM = NZG8L54PXU;
				ENABLE_PREVIEWS = YES;
				GENERATE_INFOPLIST_FILE = YES;
				INFOPLIST_KEY_CFBundleDisplayName = Cramberry;
				INFOPLIST_KEY_UIApplicationSceneManifest_Generation = YES;
				INFOPLIST_KEY_UIApplicationSupportsIndirectInputEvents = YES;
				INFOPLIST_KEY_UILaunchScreen_Generation = YES;
				INFOPLIST_KEY_UISupportedInterfaceOrientations = UIInterfaceOrientationPortrait;
				INFOPLIST_KEY_UISupportedInterfaceOrientations_iPad = "UIInterfaceOrientationPortrait UIInterfaceOrientationPortraitUpsideDown";
				LD_RUNPATH_SEARCH_PATHS = (
					"$(inherited)",
					"@executable_path/Frameworks",
				);
				MARKETING_VERSION = 1.0;
				PRODUCT_BUNDLE_IDENTIFIER = com.krakqndev.StudyCrunch;
				PRODUCT_NAME = "$(TARGET_NAME)";
				SWIFT_EMIT_LOC_STRINGS = YES;
				SWIFT_VERSION = 5.0;
				TARGETED_DEVICE_FAMILY = "1,2";
			};
			name = Debug;
		};
		4341B0FC2AE6523D00C5CC11 /* Release */ = {
			isa = XCBuildConfiguration;
			buildSettings = {
				ASSETCATALOG_COMPILER_APPICON_NAME = AppIcon;
				ASSETCATALOG_COMPILER_GLOBAL_ACCENT_COLOR_NAME = AccentColor;
				CODE_SIGN_STYLE = Automatic;
				CURRENT_PROJECT_VERSION = 1;
				DEVELOPMENT_ASSET_PATHS = "\"StudyCrunch/Preview Content\"";
				DEVELOPMENT_TEAM = NZG8L54PXU;
				ENABLE_PREVIEWS = YES;
				GENERATE_INFOPLIST_FILE = YES;
				INFOPLIST_KEY_CFBundleDisplayName = Cramberry;
				INFOPLIST_KEY_UIApplicationSceneManifest_Generation = YES;
				INFOPLIST_KEY_UIApplicationSupportsIndirectInputEvents = YES;
				INFOPLIST_KEY_UILaunchScreen_Generation = YES;
				INFOPLIST_KEY_UISupportedInterfaceOrientations = UIInterfaceOrientationPortrait;
				INFOPLIST_KEY_UISupportedInterfaceOrientations_iPad = "UIInterfaceOrientationPortrait UIInterfaceOrientationPortraitUpsideDown";
				LD_RUNPATH_SEARCH_PATHS = (
					"$(inherited)",
					"@executable_path/Frameworks",
				);
				MARKETING_VERSION = 1.0;
				PRODUCT_BUNDLE_IDENTIFIER = com.krakqndev.StudyCrunch;
				PRODUCT_NAME = "$(TARGET_NAME)";
				SWIFT_EMIT_LOC_STRINGS = YES;
				SWIFT_VERSION = 5.0;
				TARGETED_DEVICE_FAMILY = "1,2";
			};
			name = Release;
		};
		4341B0FE2AE6523D00C5CC11 /* Debug */ = {
			isa = XCBuildConfiguration;
			buildSettings = {
				ALWAYS_EMBED_SWIFT_STANDARD_LIBRARIES = YES;
				BUNDLE_LOADER = "$(TEST_HOST)";
				CODE_SIGN_STYLE = Automatic;
				CURRENT_PROJECT_VERSION = 1;
				GENERATE_INFOPLIST_FILE = YES;
				IPHONEOS_DEPLOYMENT_TARGET = 17.0;
				MARKETING_VERSION = 1.0;
				PRODUCT_BUNDLE_IDENTIFIER = com.krakqndev.StudyCrunchTests;
				PRODUCT_NAME = "$(TARGET_NAME)";
				SWIFT_EMIT_LOC_STRINGS = NO;
				SWIFT_VERSION = 5.0;
				TARGETED_DEVICE_FAMILY = "1,2";
				TEST_HOST = "$(BUILT_PRODUCTS_DIR)/StudyCrunch.app/$(BUNDLE_EXECUTABLE_FOLDER_PATH)/StudyCrunch";
			};
			name = Debug;
		};
		4341B0FF2AE6523D00C5CC11 /* Release */ = {
			isa = XCBuildConfiguration;
			buildSettings = {
				ALWAYS_EMBED_SWIFT_STANDARD_LIBRARIES = YES;
				BUNDLE_LOADER = "$(TEST_HOST)";
				CODE_SIGN_STYLE = Automatic;
				CURRENT_PROJECT_VERSION = 1;
				GENERATE_INFOPLIST_FILE = YES;
				IPHONEOS_DEPLOYMENT_TARGET = 17.0;
				MARKETING_VERSION = 1.0;
				PRODUCT_BUNDLE_IDENTIFIER = com.krakqndev.StudyCrunchTests;
				PRODUCT_NAME = "$(TARGET_NAME)";
				SWIFT_EMIT_LOC_STRINGS = NO;
				SWIFT_VERSION = 5.0;
				TARGETED_DEVICE_FAMILY = "1,2";
				TEST_HOST = "$(BUILT_PRODUCTS_DIR)/StudyCrunch.app/$(BUNDLE_EXECUTABLE_FOLDER_PATH)/StudyCrunch";
			};
			name = Release;
		};
		4341B1012AE6523D00C5CC11 /* Debug */ = {
			isa = XCBuildConfiguration;
			buildSettings = {
				ALWAYS_EMBED_SWIFT_STANDARD_LIBRARIES = YES;
				CODE_SIGN_STYLE = Automatic;
				CURRENT_PROJECT_VERSION = 1;
				GENERATE_INFOPLIST_FILE = YES;
				MARKETING_VERSION = 1.0;
				PRODUCT_BUNDLE_IDENTIFIER = com.krakqndev.StudyCrunchUITests;
				PRODUCT_NAME = "$(TARGET_NAME)";
				SWIFT_EMIT_LOC_STRINGS = NO;
				SWIFT_VERSION = 5.0;
				TARGETED_DEVICE_FAMILY = "1,2";
				TEST_TARGET_NAME = StudyCrunch;
			};
			name = Debug;
		};
		4341B1022AE6523D00C5CC11 /* Release */ = {
			isa = XCBuildConfiguration;
			buildSettings = {
				ALWAYS_EMBED_SWIFT_STANDARD_LIBRARIES = YES;
				CODE_SIGN_STYLE = Automatic;
				CURRENT_PROJECT_VERSION = 1;
				GENERATE_INFOPLIST_FILE = YES;
				MARKETING_VERSION = 1.0;
				PRODUCT_BUNDLE_IDENTIFIER = com.krakqndev.StudyCrunchUITests;
				PRODUCT_NAME = "$(TARGET_NAME)";
				SWIFT_EMIT_LOC_STRINGS = NO;
				SWIFT_VERSION = 5.0;
				TARGETED_DEVICE_FAMILY = "1,2";
				TEST_TARGET_NAME = StudyCrunch;
			};
			name = Release;
		};
/* End XCBuildConfiguration section */

/* Begin XCConfigurationList section */
		4341B0D12AE6523D00C5CC11 /* Build configuration list for PBXProject "StudyCrunch" */ = {
			isa = XCConfigurationList;
			buildConfigurations = (
				4341B0F82AE6523D00C5CC11 /* Debug */,
				4341B0F92AE6523D00C5CC11 /* Release */,
			);
			defaultConfigurationIsVisible = 0;
			defaultConfigurationName = Release;
		};
		4341B0FA2AE6523D00C5CC11 /* Build configuration list for PBXNativeTarget "StudyCrunch" */ = {
			isa = XCConfigurationList;
			buildConfigurations = (
				4341B0FB2AE6523D00C5CC11 /* Debug */,
				4341B0FC2AE6523D00C5CC11 /* Release */,
			);
			defaultConfigurationIsVisible = 0;
			defaultConfigurationName = Release;
		};
		4341B0FD2AE6523D00C5CC11 /* Build configuration list for PBXNativeTarget "StudyCrunchTests" */ = {
			isa = XCConfigurationList;
			buildConfigurations = (
				4341B0FE2AE6523D00C5CC11 /* Debug */,
				4341B0FF2AE6523D00C5CC11 /* Release */,
			);
			defaultConfigurationIsVisible = 0;
			defaultConfigurationName = Release;
		};
		4341B1002AE6523D00C5CC11 /* Build configuration list for PBXNativeTarget "StudyCrunchUITests" */ = {
			isa = XCConfigurationList;
			buildConfigurations = (
				4341B1012AE6523D00C5CC11 /* Debug */,
				4341B1022AE6523D00C5CC11 /* Release */,
			);
			defaultConfigurationIsVisible = 0;
			defaultConfigurationName = Release;
		};
/* End XCConfigurationList section */

/* Begin XCRemoteSwiftPackageReference section */
		430ACB2F2AE6EDDC007017AC /* XCRemoteSwiftPackageReference "Defaults" */ = {
			isa = XCRemoteSwiftPackageReference;
			repositoryURL = "https://github.com/sindresorhus/Defaults";
			requirement = {
				branch = main;
				kind = branch;
			};
		};
		430C346A2B44DD09002A25BF /* XCRemoteSwiftPackageReference "AlertToast" */ = {
			isa = XCRemoteSwiftPackageReference;
			repositoryURL = "https://github.com/elai950/AlertToast.git";
			requirement = {
				kind = upToNextMajorVersion;
				minimumVersion = 1.3.9;
			};
		};
		5882C2932AF24CE70085D577 /* XCRemoteSwiftPackageReference "swift-markdown-ui" */ = {
			isa = XCRemoteSwiftPackageReference;
			repositoryURL = "https://github.com/gonzalezreal/swift-markdown-ui.git";
			requirement = {
				kind = upToNextMajorVersion;
				minimumVersion = 2.2.0;
			};
		};
		BFAF1DC72B3315EE00310703 /* XCRemoteSwiftPackageReference "Pow" */ = {
			isa = XCRemoteSwiftPackageReference;
			repositoryURL = "https://github.com/EmergeTools/Pow.git";
			requirement = {
				kind = upToNextMajorVersion;
				minimumVersion = 1.0.3;
			};
		};
/* End XCRemoteSwiftPackageReference section */

/* Begin XCSwiftPackageProductDependency section */
		430ACB302AE6EDDC007017AC /* Defaults */ = {
			isa = XCSwiftPackageProductDependency;
			package = 430ACB2F2AE6EDDC007017AC /* XCRemoteSwiftPackageReference "Defaults" */;
			productName = Defaults;
		};
		430C346B2B44DD09002A25BF /* AlertToast */ = {
			isa = XCSwiftPackageProductDependency;
			package = 430C346A2B44DD09002A25BF /* XCRemoteSwiftPackageReference "AlertToast" */;
			productName = AlertToast;
		};
		5882C2942AF24CE70085D577 /* MarkdownUI */ = {
			isa = XCSwiftPackageProductDependency;
			package = 5882C2932AF24CE70085D577 /* XCRemoteSwiftPackageReference "swift-markdown-ui" */;
			productName = MarkdownUI;
		};
		BFAF1DC82B3315EE00310703 /* Pow */ = {
			isa = XCSwiftPackageProductDependency;
			package = BFAF1DC72B3315EE00310703 /* XCRemoteSwiftPackageReference "Pow" */;
			productName = Pow;
		};
/* End XCSwiftPackageProductDependency section */
	};
	rootObject = 4341B0CE2AE6523D00C5CC11 /* Project object */;
}
